{
  "appraisal: \"dep-heads\"\nexec_cmd: \"env KETTLE_TEST_RUNNER=rspec kettle-test -I ../spec --options ../.rspec ../spec\"": [
    {
      "file": ".github/workflows/dep-heads.yml",
      "lines": [
        44,
        51,
        58
      ]
    }
  ],
  "appraisal: \"head\"\nexec_cmd: \"env KETTLE_TEST_RUNNER=rspec kettle-test -I ../spec --options ../.rspec ../spec\"": [
    {
      "file": ".github/workflows/heads.yml",
      "lines": [
        43,
        50,
        57
      ]
    }
  ],
  "exec_cmd: \"env KETTLE_TEST_RUNNER=rspec kettle-test -I ../spec --options ../.rspec ../spec\"\nrubygems: default": [
    {
      "file": ".github/workflows/dep-heads.yml",
      "lines": [
        52,
        59
      ]
    },
    {
      "file": ".github/workflows/heads.yml",
      "lines": [
        44,
        51,
        58
      ]
    }
  ]
}
