{
  "spec/turbo_tests/json_rows_formatter_spec.rb:3896598187": [
    [13, 7, 44, "Env/Assign: Mock the return value of an ENV variable instead of assigning to ENV directly.", 4070680756]
  ],
  "spec/turbo_tests/runner_spec.rb:198324532": [
    [425, 9, 43, "Env/Assign: Mock the return value of an ENV variable instead of assigning to ENV directly.", 2904519051],
    [428, 15, 29, "Env/Assign: Mock the return value of an ENV variable instead of assigning to ENV directly.", 1010050620],
    [443, 9, 48, "Env/Assign: Mock the return value of an ENV variable instead of assigning to ENV directly.", 1864803639],
    [446, 9, 35, "Env/Assign: Mock the return value of an ENV variable instead of assigning to ENV directly.", 477576564],
    [447, 22, 35, "Env/Assign: Mock the return value of an ENV variable instead of assigning to ENV directly.", 1861153587],
    [463, 9, 29, "Env/Assign: Mock the return value of an ENV variable instead of assigning to ENV directly.", 1010050620],
    [478, 9, 29, "Env/Assign: Mock the return value of an ENV variable instead of assigning to ENV directly.", 1010050620],
    [490, 9, 29, "Env/Assign: Mock the return value of an ENV variable instead of assigning to ENV directly.", 1010050620],
    [505, 9, 35, "Env/Assign: Mock the return value of an ENV variable instead of assigning to ENV directly.", 477576564],
    [506, 9, 35, "Env/Assign: Mock the return value of an ENV variable instead of assigning to ENV directly.", 1861153587],
    [558, 9, 29, "Env/Assign: Mock the return value of an ENV variable instead of assigning to ENV directly.", 1010050620],
    [580, 9, 29, "Env/Assign: Mock the return value of an ENV variable instead of assigning to ENV directly.", 1010050620]
  ]
}
